
Microsoft Visual Studio Solution File, Format Version 12.00
# Visual Studio Version 17
VisualStudioVersion = 17.9.34622.214
MinimumVisualStudioVersion = 10.0.40219.1
Project("{FAE04EC0-301F-11D3-BF4B-00C04F79EFBC}") = "ProyectoReact.Server", "ProyectoReact.Server\ProyectoReact.Server.csproj", "{B8846497-A332-40A0-829E-4C923BE32BD0}"
EndProject
Project("{54A90642-561A-4BB1-A94E-469ADEE60C69}") = "proyectoreact.client", "proyectoreact.client\proyectoreact.client.esproj", "{82A5FBBE-15F8-480A-B32C-83FA47DF823B}"
EndProject
Global
	GlobalSection(SolutionConfigurationPlatforms) = preSolution
		Debug|Any CPU = Debug|Any CPU
		Release|Any CPU = Release|Any CPU
	EndGlobalSection
	GlobalSection(ProjectConfigurationPlatforms) = postSolution
		{B8846497-A332-40A0-829E-4C923BE32BD0}.Debug|Any CPU.ActiveCfg = Debug|Any CPU
		{B8846497-A332-40A0-829E-4C923BE32BD0}.Debug|Any CPU.Build.0 = Debug|Any CPU
		{B8846497-A332-40A0-829E-4C923BE32BD0}.Release|Any CPU.ActiveCfg = Release|Any CPU
		{B8846497-A332-40A0-829E-4C923BE32BD0}.Release|Any CPU.Build.0 = Release|Any CPU
		{82A5FBBE-15F8-480A-B32C-83FA47DF823B}.Debug|Any CPU.ActiveCfg = Debug|Any CPU
		{82A5FBBE-15F8-480A-B32C-83FA47DF823B}.Debug|Any CPU.Build.0 = Debug|Any CPU
		{82A5FBBE-15F8-480A-B32C-83FA47DF823B}.Debug|Any CPU.Deploy.0 = Debug|Any CPU
		{82A5FBBE-15F8-480A-B32C-83FA47DF823B}.Release|Any CPU.ActiveCfg = Release|Any CPU
		{82A5FBBE-15F8-480A-B32C-83FA47DF823B}.Release|Any CPU.Build.0 = Release|Any CPU
		{82A5FBBE-15F8-480A-B32C-83FA47DF823B}.Release|Any CPU.Deploy.0 = Release|Any CPU
	EndGlobalSection
	GlobalSection(SolutionProperties) = preSolution
		HideSolutionNode = FALSE
	EndGlobalSection
	GlobalSection(ExtensibilityGlobals) = postSolution
		SolutionGuid = {FA7ED5C6-101D-4B15-AA1A-A461E7553028}
	EndGlobalSection
EndGlobal
